
Microsoft Visual Studio Solution File, Format Version 12.00
# Visual Studio Version 17
VisualStudioVersion = 17.0.31903.59
MinimumVisualStudioVersion = 10.0.40219.1
Project("{FAE04EC0-301F-11D3-BF4B-00C04F79EFBC}") = "ProductAPI.Domain", "ProductAPI.Domain\ProductAPI.Domain.csproj", "{A9AD98CC-C82B-4DBF-B156-B745342E978D}"
EndProject
Project("{FAE04EC0-301F-11D3-BF4B-00C04F79EFBC}") = "ProductAPI.Application", "ProductAPI.Application\ProductAPI.Application.csproj", "{4824CC4B-AA58-4C4F-A2EC-382FB8A086A2}"
EndProject
Project("{FAE04EC0-301F-11D3-BF4B-00C04F79EFBC}") = "ProductAPI.Infrastructure", "ProductAPI.Infrastructure\ProductAPI.Infrastructure.csproj", "{B41EB2FC-10AF-425D-8E05-38C1501A2CE6}"
EndProject
Project("{FAE04EC0-301F-11D3-BF4B-00C04F79EFBC}") = "ProductAPI.Api", "ProductAPI.Api\ProductAPI.Api.csproj", "{37D4AE38-4058-444D-BC72-4EF3E2032704}"
EndProject
Project("{FAE04EC0-301F-11D3-BF4B-00C04F79EFBC}") = "ProductAPI.Domain.Tests", "ProductAPI.Domain.Tests\ProductAPI.Domain.Tests.csproj", "{D51FF792-2F12-4FAE-B9D0-E1AB34236E09}"
EndProject
Global
	GlobalSection(SolutionConfigurationPlatforms) = preSolution
		Debug|Any CPU = Debug|Any CPU
		Release|Any CPU = Release|Any CPU
	EndGlobalSection
	GlobalSection(SolutionProperties) = preSolution
		HideSolutionNode = FALSE
	EndGlobalSection
	GlobalSection(ProjectConfigurationPlatforms) = postSolution
		{A9AD98CC-C82B-4DBF-B156-B745342E978D}.Debug|Any CPU.ActiveCfg = Debug|Any CPU
		{A9AD98CC-C82B-4DBF-B156-B745342E978D}.Debug|Any CPU.Build.0 = Debug|Any CPU
		{A9AD98CC-C82B-4DBF-B156-B745342E978D}.Release|Any CPU.ActiveCfg = Release|Any CPU
		{A9AD98CC-C82B-4DBF-B156-B745342E978D}.Release|Any CPU.Build.0 = Release|Any CPU
		{4824CC4B-AA58-4C4F-A2EC-382FB8A086A2}.Debug|Any CPU.ActiveCfg = Debug|Any CPU
		{4824CC4B-AA58-4C4F-A2EC-382FB8A086A2}.Debug|Any CPU.Build.0 = Debug|Any CPU
		{4824CC4B-AA58-4C4F-A2EC-382FB8A086A2}.Release|Any CPU.ActiveCfg = Release|Any CPU
		{4824CC4B-AA58-4C4F-A2EC-382FB8A086A2}.Release|Any CPU.Build.0 = Release|Any CPU
		{B41EB2FC-10AF-425D-8E05-38C1501A2CE6}.Debug|Any CPU.ActiveCfg = Debug|Any CPU
		{B41EB2FC-10AF-425D-8E05-38C1501A2CE6}.Debug|Any CPU.Build.0 = Debug|Any CPU
		{B41EB2FC-10AF-425D-8E05-38C1501A2CE6}.Release|Any CPU.ActiveCfg = Release|Any CPU
		{B41EB2FC-10AF-425D-8E05-38C1501A2CE6}.Release|Any CPU.Build.0 = Release|Any CPU
		{37D4AE38-4058-444D-BC72-4EF3E2032704}.Debug|Any CPU.ActiveCfg = Debug|Any CPU
		{37D4AE38-4058-444D-BC72-4EF3E2032704}.Debug|Any CPU.Build.0 = Debug|Any CPU
		{37D4AE38-4058-444D-BC72-4EF3E2032704}.Release|Any CPU.ActiveCfg = Release|Any CPU
		{37D4AE38-4058-444D-BC72-4EF3E2032704}.Release|Any CPU.Build.0 = Release|Any CPU
		{D51FF792-2F12-4FAE-B9D0-E1AB34236E09}.Debug|Any CPU.ActiveCfg = Debug|Any CPU
		{D51FF792-2F12-4FAE-B9D0-E1AB34236E09}.Debug|Any CPU.Build.0 = Debug|Any CPU
		{D51FF792-2F12-4FAE-B9D0-E1AB34236E09}.Release|Any CPU.ActiveCfg = Release|Any CPU
		{D51FF792-2F12-4FAE-B9D0-E1AB34236E09}.Release|Any CPU.Build.0 = Release|Any CPU
	EndGlobalSection
EndGlobal
